{
  "name": "resume",
  "lockfileVersion": 3,
  "requires": true,
  "packages": {
    "": {
      "dependencies": {
        "jsonresume-theme-stackoverflow": "^3.3.0"
      }
    },
    "node_modules/jsonresume-theme-stackoverflow": {
      "version": "3.3.0",
      "resolved": "https://registry.npmjs.org/jsonresume-theme-stackoverflow/-/jsonresume-theme-stackoverflow-3.3.0.tgz",
      "integrity": "sha512-GYkFNQsO81Pf/BrKORFneD7/GVzbb9gkwnmUQumFh7T/FTCPUbpFuvw8kxLShuuA0bOl9kXq90FYe5WRaD94MA==",
      "license": "MIT"
    }
  }
}
