{
  "name": "resume",
  "lockfileVersion": 3,
  "requires": true,
  "packages": {
    "": {
      "dependencies": {
        "jsonresume-theme-creative-confidence": "^1.0.0"
      }
    },
    "node_modules/jsonresume-theme-creative-confidence": {
      "version": "1.0.0",
      "resolved": "https://registry.npmjs.org/jsonresume-theme-creative-confidence/-/jsonresume-theme-creative-confidence-1.0.0.tgz",
      "integrity": "sha512-jCQgjzObdYqFqA7oyvsOoM4K5iN9yiAzjvOBNyOPj5lApH71th2DSghCPDAAnn4kpWPF9SGPJ4icCC7x1hYpvA==",
      "license": "MIT",
      "engines": {
        "node": ">=18"
      }
    }
  }
}
